
Microsoft Visual Studio Solution File, Format Version 11.00
# Visual Studio 2010
Project("{FAE04EC0-301F-11D3-BF4B-00C04F79EFBC}") = "BookMD", "Assembly-CSharp-firstpass.csproj", "{533D72D8-0A08-56CC-9727-674044B0CA63}"
EndProject
Project("{FAE04EC0-301F-11D3-BF4B-00C04F79EFBC}") = "BookMD", "Assembly-CSharp.csproj", "{2FCA4AD1-DDB6-7FAA-7C3F-5E19248D0565}"
EndProject
Project("{2C37C6EB-1731-9C5B-64BA-CD7364D19CF1}") = "BookMD", "Assembly-UnityScript.unityproj", "{AA84A1F0-AAC1-CC20-A01D-4AC25284424A}"
EndProject
Global
	GlobalSection(SolutionConfigurationPlatforms) = preSolution
		Debug|Any CPU = Debug|Any CPU
		Release|Any CPU = Release|Any CPU
	EndGlobalSection
	GlobalSection(ProjectConfigurationPlatforms) = postSolution
		{533D72D8-0A08-56CC-9727-674044B0CA63}.Debug|Any CPU.ActiveCfg = Debug|Any CPU
		{533D72D8-0A08-56CC-9727-674044B0CA63}.Debug|Any CPU.Build.0 = Debug|Any CPU
		{533D72D8-0A08-56CC-9727-674044B0CA63}.Release|Any CPU.ActiveCfg = Release|Any CPU
		{533D72D8-0A08-56CC-9727-674044B0CA63}.Release|Any CPU.Build.0 = Release|Any CPU
		{2FCA4AD1-DDB6-7FAA-7C3F-5E19248D0565}.Debug|Any CPU.ActiveCfg = Debug|Any CPU
		{2FCA4AD1-DDB6-7FAA-7C3F-5E19248D0565}.Debug|Any CPU.Build.0 = Debug|Any CPU
		{2FCA4AD1-DDB6-7FAA-7C3F-5E19248D0565}.Release|Any CPU.ActiveCfg = Release|Any CPU
		{2FCA4AD1-DDB6-7FAA-7C3F-5E19248D0565}.Release|Any CPU.Build.0 = Release|Any CPU
		{AA84A1F0-AAC1-CC20-A01D-4AC25284424A}.Debug|Any CPU.ActiveCfg = Debug|Any CPU
		{AA84A1F0-AAC1-CC20-A01D-4AC25284424A}.Debug|Any CPU.Build.0 = Debug|Any CPU
		{AA84A1F0-AAC1-CC20-A01D-4AC25284424A}.Release|Any CPU.ActiveCfg = Release|Any CPU
		{AA84A1F0-AAC1-CC20-A01D-4AC25284424A}.Release|Any CPU.Build.0 = Release|Any CPU
	EndGlobalSection
	GlobalSection(SolutionProperties) = preSolution
		HideSolutionNode = FALSE
	EndGlobalSection
	GlobalSection(MonoDevelopProperties) = preSolution
		StartupItem = Assembly-CSharp.csproj
	EndGlobalSection
EndGlobal
